
Microsoft Visual Studio Solution File, Format Version 12.00
# Visual Studio 15
VisualStudioVersion = 15.0.27703.2026
MinimumVisualStudioVersion = 10.0.40219.1
Project("{FAE04EC0-301F-11D3-BF4B-00C04F79EFBC}") = "Web", "Web\Web.csproj", "{D00C2F5E-4D83-4157-A755-38AC23C4C368}"
EndProject
Project("{FAE04EC0-301F-11D3-BF4B-00C04F79EFBC}") = "Domain", "ClassLibrary1\Domain.csproj", "{0C71ACC9-08AE-47F2-AC4E-C0119657E40B}"
EndProject
Project("{FAE04EC0-301F-11D3-BF4B-00C04F79EFBC}") = "Service", "Servic\Service.csproj", "{48E40BC1-1436-471D-A28B-29F4312A0845}"
EndProject
Global
	GlobalSection(SolutionConfigurationPlatforms) = preSolution
		Debug|Any CPU = Debug|Any CPU
		Release|Any CPU = Release|Any CPU
	EndGlobalSection
	GlobalSection(ProjectConfigurationPlatforms) = postSolution
		{D00C2F5E-4D83-4157-A755-38AC23C4C368}.Debug|Any CPU.ActiveCfg = Debug|Any CPU
		{D00C2F5E-4D83-4157-A755-38AC23C4C368}.Debug|Any CPU.Build.0 = Debug|Any CPU
		{D00C2F5E-4D83-4157-A755-38AC23C4C368}.Release|Any CPU.ActiveCfg = Release|Any CPU
		{D00C2F5E-4D83-4157-A755-38AC23C4C368}.Release|Any CPU.Build.0 = Release|Any CPU
		{0C71ACC9-08AE-47F2-AC4E-C0119657E40B}.Debug|Any CPU.ActiveCfg = Debug|Any CPU
		{0C71ACC9-08AE-47F2-AC4E-C0119657E40B}.Debug|Any CPU.Build.0 = Debug|Any CPU
		{0C71ACC9-08AE-47F2-AC4E-C0119657E40B}.Release|Any CPU.ActiveCfg = Release|Any CPU
		{0C71ACC9-08AE-47F2-AC4E-C0119657E40B}.Release|Any CPU.Build.0 = Release|Any CPU
		{48E40BC1-1436-471D-A28B-29F4312A0845}.Debug|Any CPU.ActiveCfg = Debug|Any CPU
		{48E40BC1-1436-471D-A28B-29F4312A0845}.Debug|Any CPU.Build.0 = Debug|Any CPU
		{48E40BC1-1436-471D-A28B-29F4312A0845}.Release|Any CPU.ActiveCfg = Release|Any CPU
		{48E40BC1-1436-471D-A28B-29F4312A0845}.Release|Any CPU.Build.0 = Release|Any CPU
	EndGlobalSection
	GlobalSection(SolutionProperties) = preSolution
		HideSolutionNode = FALSE
	EndGlobalSection
	GlobalSection(ExtensibilityGlobals) = postSolution
		SolutionGuid = {446F42D7-893F-4F9F-8A7F-2CE5F443E58F}
	EndGlobalSection
EndGlobal
